
Microsoft Visual Studio Solution File, Format Version 12.00
Project("{FAE04EC0-301F-11D3-BF4B-00C04F79EFBC}") = "kolokwium_apbd", "kolokwium_apbd\kolokwium_apbd.csproj", "{19211236-36F1-48B6-802E-B0805766871F}"
EndProject
Global
	GlobalSection(SolutionConfigurationPlatforms) = preSolution
		Debug|Any CPU = Debug|Any CPU
		Release|Any CPU = Release|Any CPU
	EndGlobalSection
	GlobalSection(ProjectConfigurationPlatforms) = postSolution
		{19211236-36F1-48B6-802E-B0805766871F}.Debug|Any CPU.ActiveCfg = Debug|Any CPU
		{19211236-36F1-48B6-802E-B0805766871F}.Debug|Any CPU.Build.0 = Debug|Any CPU
		{19211236-36F1-48B6-802E-B0805766871F}.Release|Any CPU.ActiveCfg = Release|Any CPU
		{19211236-36F1-48B6-802E-B0805766871F}.Release|Any CPU.Build.0 = Release|Any CPU
	EndGlobalSection
EndGlobal
